<?xml version="1.0" encoding="utf-8"?>
<Project ToolsVersion="4.0" xmlns="http://schemas.microsoft.com/developer/msbuild/2003">
  <ItemGroup>
    <Filter Include="Source Files">
      <UniqueIdentifier>{4FC737F1-C7A5-4376-A066-2A32D752A2FF}</UniqueIdentifier>
      <Extensions>cpp;c;cc;cxx;c++;cppm;ixx;def;odl;idl;hpj;bat;asm;asmx</Extensions>
    </Filter>
    <Filter Include="Shaders">
      <UniqueIdentifier>{b2a58a16-aa8b-4bf6-bdb5-b9b733884e9c}</UniqueIdentifier>
    </Filter>
    <Filter Include="ComputeShaders">
      <UniqueIdentifier>{c68b0d8d-3797-455c-a3de-7db8f31788e2}</UniqueIdentifier>
    </Filter>
  </ItemGroup>
  <ItemGroup>
    <None Include="lightingPhong.frag">
      <Filter>Shaders</Filter>
    </None>
    <None Include="lightingPhong.vert">
      <Filter>Shaders</Filter>
    </None>
    <None Include="packages.config" />
  </ItemGroup>
  <ItemGroup>
    <ClCompile Include="src\emulator.cpp">
      <Filter>Source Files</Filter>
    </ClCompile>
    <ClCompile Include="src\fbo.cpp">
      <Filter>Source Files</Filter>
    </ClCompile>
    <ClCompile Include="src\framework.cpp">
      <Filter>Source Files</Filter>
    </ClCompile>
    <ClCompile Include="src\interact.cpp">
      <Filter>Source Files</Filter>
    </ClCompile>
    <ClCompile Include="src\object.cpp">
      <Filter>Source Files</Filter>
    </ClCompile>
    <ClCompile Include="src\rply.c">
      <Filter>Source Files</Filter>
    </ClCompile>
    <ClCompile Include="src\scene.cpp">
      <Filter>Source Files</Filter>
    </ClCompile>
    <ClCompile Include="src\shader.cpp">
      <Filter>Source Files</Filter>
    </ClCompile>
    <ClCompile Include="src\simplexnoise.cpp">
      <Filter>Source Files</Filter>
    </ClCompile>
    <ClCompile Include="src\texture.cpp">
      <Filter>Source Files</Filter>
    </ClCompile>
    <ClCompile Include="src\rgbe.cpp">
      <Filter>Source Files</Filter>
    </ClCompile>
  </ItemGroup>
  <ItemGroup>
    <ClInclude Include="src\emulator.h">
      <Filter>Source Files</Filter>
    </ClInclude>
    <ClInclude Include="src\fbo.h">
      <Filter>Source Files</Filter>
    </ClInclude>
    <ClInclude Include="src\framework.h">
      <Filter>Source Files</Filter>
    </ClInclude>
    <ClInclude Include="src\interact.h">
      <Filter>Source Files</Filter>
    </ClInclude>
    <ClInclude Include="src\object.h">
      <Filter>Source Files</Filter>
    </ClInclude>
    <ClInclude Include="src\rply.h">
      <Filter>Source Files</Filter>
    </ClInclude>
    <ClInclude Include="src\scene.h">
      <Filter>Source Files</Filter>
    </ClInclude>
    <ClInclude Include="src\shader.h">
      <Filter>Source Files</Filter>
    </ClInclude>
    <ClInclude Include="src\simplexnoise.h">
      <Filter>Source Files</Filter>
    </ClInclude>
    <ClInclude Include="src\texture.h">
      <Filter>Source Files</Filter>
    </ClInclude>
    <ClInclude Include="ShaderData.h">
      <Filter>Shaders</Filter>
    </ClInclude>
    <ClInclude Include="ComputeShaderData.h">
      <Filter>ComputeShaders</Filter>
    </ClInclude>
    <ClInclude Include="src\rgbe.h">
      <Filter>Source Files</Filter>
    </ClInclude>
  </ItemGroup>
  <ItemGroup>
    <FxCompile Include="lightingPhongVert.hlsl">
      <Filter>Shaders</Filter>
    </FxCompile>
    <FxCompile Include="lightingPhongPixel.hlsl">
      <Filter>Shaders</Filter>
    </FxCompile>
    <FxCompile Include="geometryPhongPixel.hlsl">
      <Filter>Shaders</Filter>
    </FxCompile>
    <FxCompile Include="geometryPhongVert.hlsl">
      <Filter>Shaders</Filter>
    </FxCompile>
    <FxCompile Include="shadowVert.hlsl">
      <Filter>Shaders</Filter>
    </FxCompile>
    <FxCompile Include="ComputeShader.hlsl">
      <Filter>ComputeShaders</Filter>
    </FxCompile>
    <FxCompile Include="DepthCopyShader.hlsl">
      <Filter>ComputeShaders</Filter>
    </FxCompile>
    <FxCompile Include="SummedAreaTable.hlsl">
      <Filter>ComputeShaders</Filter>
    </FxCompile>
    <FxCompile Include="AOShader.hlsl">
      <Filter>ComputeShaders</Filter>
    </FxCompile>
  </ItemGroup>
</Project>